// !$*UTF8*$!
{
	archiveVersion = 1;
	classes = {
	};
	objectVersion = 46;
	objects = {

/* Begin PBXBuildFile section */
		8A1699BA1608DC3B00C73D30 /* AudioToolbox.framework in Frameworks */ = {isa = PBXBuildFile; fileRef = 8A1699B91608DC3B00C73D30 /* AudioToolbox.framework */; };
		AB122AFE160FEEE200F6E554 /* Calendar.png in Resources */ = {isa = PBXBuildFile; fileRef = AB122AFD160FEEE200F6E554 /* Calendar.png */; };
		AB122B01160FF0A500F6E554 /* Stats.png in Resources */ = {isa = PBXBuildFile; fileRef = AB122B00160FF0A500F6E554 /* Stats.png */; };
		AB166D201605ABCF0004623F /* grouptableview@2x.png in Resources */ = {isa = PBXBuildFile; fileRef = AB166D1E1605ABCF0004623F /* grouptableview@2x.png */; };
		AB166D211605ABCF0004623F /* grouptableview.png in Resources */ = {isa = PBXBuildFile; fileRef = AB166D1F1605ABCF0004623F /* grouptableview.png */; };
		AB32F49415EF0E5A00008E14 /* UIKit.framework in Frameworks */ = {isa = PBXBuildFile; fileRef = AB32F49315EF0E5A00008E14 /* UIKit.framework */; };
		AB32F49615EF0E5A00008E14 /* Foundation.framework in Frameworks */ = {isa = PBXBuildFile; fileRef = AB32F49515EF0E5A00008E14 /* Foundation.framework */; };
		AB32F49815EF0E5A00008E14 /* CoreGraphics.framework in Frameworks */ = {isa = PBXBuildFile; fileRef = AB32F49715EF0E5A00008E14 /* CoreGraphics.framework */; };
		AB32F49E15EF0E5A00008E14 /* InfoPlist.strings in Resources */ = {isa = PBXBuildFile; fileRef = AB32F49C15EF0E5A00008E14 /* InfoPlist.strings */; };
		AB32F4A015EF0E5A00008E14 /* main.m in Sources */ = {isa = PBXBuildFile; fileRef = AB32F49F15EF0E5A00008E14 /* main.m */; };
		AB32F4A415EF0E5B00008E14 /* AppDelegate.m in Sources */ = {isa = PBXBuildFile; fileRef = AB32F4A315EF0E5B00008E14 /* AppDelegate.m */; };
		AB32F4A715EF0E5B00008E14 /* MainStoryboard.storyboard in Resources */ = {isa = PBXBuildFile; fileRef = AB32F4A515EF0E5B00008E14 /* MainStoryboard.storyboard */; };
		AB32F4AA15EF0E5B00008E14 /* ListingsViewController.m in Sources */ = {isa = PBXBuildFile; fileRef = AB32F4A915EF0E5B00008E14 /* ListingsViewController.m */; };
		AB32F4B215EF167A00008E14 /* ActivityLogViewController.m in Sources */ = {isa = PBXBuildFile; fileRef = AB32F4B115EF167A00008E14 /* ActivityLogViewController.m */; };
		AB37181F16114B7D008B9078 /* libQuickDialog.a in Frameworks */ = {isa = PBXBuildFile; fileRef = AB37181E16114B61008B9078 /* libQuickDialog.a */; };
		AB37182416114F5E008B9078 /* ListingViewController.m in Sources */ = {isa = PBXBuildFile; fileRef = AB37182316114F5E008B9078 /* ListingViewController.m */; };
		AB3840A815F882FC00767BFB /* DCRoundSwitchToggleLayer.m in Sources */ = {isa = PBXBuildFile; fileRef = AB3840A015F882FC00767BFB /* DCRoundSwitchToggleLayer.m */; settings = {COMPILER_FLAGS = "-fno-objc-arc"; }; };
		AB3840A915F882FC00767BFB /* DCRoundSwitchOutlineLayer.m in Sources */ = {isa = PBXBuildFile; fileRef = AB3840A215F882FC00767BFB /* DCRoundSwitchOutlineLayer.m */; settings = {COMPILER_FLAGS = "-fno-objc-arc"; }; };
		AB3840AA15F882FC00767BFB /* DCRoundSwitchKnobLayer.m in Sources */ = {isa = PBXBuildFile; fileRef = AB3840A415F882FC00767BFB /* DCRoundSwitchKnobLayer.m */; settings = {COMPILER_FLAGS = "-fno-objc-arc"; }; };
		AB3840AB15F882FC00767BFB /* DCRoundSwitch.m in Sources */ = {isa = PBXBuildFile; fileRef = AB3840A615F882FC00767BFB /* DCRoundSwitch.m */; settings = {COMPILER_FLAGS = "-fno-objc-arc"; }; };
		AB3840AD15F884CF00767BFB /* QuartzCore.framework in Frameworks */ = {isa = PBXBuildFile; fileRef = AB3840AC15F884CF00767BFB /* QuartzCore.framework */; };
		AB629EF1160C184700C360FC /* Showing.m in Sources */ = {isa = PBXBuildFile; fileRef = AB629EF0160C184700C360FC /* Showing.m */; };
		AB629EFD160C1ABD00C360FC /* Listing.m in Sources */ = {isa = PBXBuildFile; fileRef = AB629EFC160C1ABD00C360FC /* Listing.m */; };
		AB629F00160C279100C360FC /* MBProgressHUD.m in Sources */ = {isa = PBXBuildFile; fileRef = AB629EFF160C279100C360FC /* MBProgressHUD.m */; };
		AB632BAB1605AF570089BA4F /* Default-568h@2x.png in Resources */ = {isa = PBXBuildFile; fileRef = AB632BAA1605AF570089BA4F /* Default-568h@2x.png */; };
		AB6AADE21601D4DF0061DEB2 /* YIPopupTextView.m in Sources */ = {isa = PBXBuildFile; fileRef = AB6AADDE1601D4DF0061DEB2 /* YIPopupTextView.m */; };
		AB6AADE31601D4DF0061DEB2 /* YIPopupDemoController.m in Sources */ = {isa = PBXBuildFile; fileRef = AB6AADE01601D4DF0061DEB2 /* YIPopupDemoController.m */; };
		AB6AADE61601D4E80061DEB2 /* SSTextView.m in Sources */ = {isa = PBXBuildFile; fileRef = AB6AADE41601D4E80061DEB2 /* SSTextView.m */; };
		AB6C74C515F5C1BD00A9EF3D /* appIcon@2x.png in Resources */ = {isa = PBXBuildFile; fileRef = AB6C74C415F5C1BD00A9EF3D /* appIcon@2x.png */; };
		AB75E535160ACABE0036C646 /* CustomEvent.m in Sources */ = {isa = PBXBuildFile; fileRef = AB75E534160ACABE0036C646 /* CustomEvent.m */; };
		AB75E537160ACCA40036C646 /* CustomEventViewController.m in Sources */ = {isa = PBXBuildFile; fileRef = AB75E536160ACCA40036C646 /* CustomEventViewController.m */; };
		AB7B223615F02BD100F0128D /* CoreData.framework in Frameworks */ = {isa = PBXBuildFile; fileRef = AB7B223515F02BD100F0128D /* CoreData.framework */; };
		AB7B223A15F02ED400F0128D /* AgentAssistant.xcdatamodeld in Sources */ = {isa = PBXBuildFile; fileRef = AB7B223815F02ED400F0128D /* AgentAssistant.xcdatamodeld */; };
		AB7B223E15F0831500F0128D /* ShowingDetailViewController.m in Sources */ = {isa = PBXBuildFile; fileRef = AB7B223D15F0831500F0128D /* ShowingDetailViewController.m */; };
		AB7B224415F0A5E200F0128D /* default.png in Resources */ = {isa = PBXBuildFile; fileRef = AB7B224215F0A5E200F0128D /* default.png */; };
		AB7B224D15F0A94E00F0128D /* Default@2x.png in Resources */ = {isa = PBXBuildFile; fileRef = AB7B224C15F0A94E00F0128D /* Default@2x.png */; };
		AB80C03E15F44125002A0D5F /* OpenHouseViewController.m in Sources */ = {isa = PBXBuildFile; fileRef = AB80C03D15F44125002A0D5F /* OpenHouseViewController.m */; };
		AB80C04115F453ED002A0D5F /* InquiryViewController.m in Sources */ = {isa = PBXBuildFile; fileRef = AB80C04015F453ED002A0D5F /* InquiryViewController.m */; };
		AB8F4ED115FFB48C001F0FA0 /* ContactsViewController.m in Sources */ = {isa = PBXBuildFile; fileRef = AB8F4ED015FFB48C001F0FA0 /* ContactsViewController.m */; };
		AB8F4ED515FFE401001F0FA0 /* ActivityLog.m in Sources */ = {isa = PBXBuildFile; fileRef = AB8F4ED415FFE401001F0FA0 /* ActivityLog.m */; };
		ABA2D141161191B0002C1F7C /* Google-Plus-8-icon_128x128.png in Resources */ = {isa = PBXBuildFile; fileRef = ABA2D140161191B0002C1F7C /* Google-Plus-8-icon_128x128.png */; };
		ABA2D145161194C9002C1F7C /* default_128x128_note.png in Resources */ = {isa = PBXBuildFile; fileRef = ABA2D144161194C9002C1F7C /* default_128x128_note.png */; };
		ABA6F91E160EC12800FC3F29 /* Showing.png in Resources */ = {isa = PBXBuildFile; fileRef = ABA6F919160EC12800FC3F29 /* Showing.png */; };
		ABA6F91F160EC12800FC3F29 /* Inquiry.png in Resources */ = {isa = PBXBuildFile; fileRef = ABA6F91A160EC12800FC3F29 /* Inquiry.png */; };
		ABA6F921160EC12800FC3F29 /* OpenHouse.png in Resources */ = {isa = PBXBuildFile; fileRef = ABA6F91C160EC12800FC3F29 /* OpenHouse.png */; };
		ABA6F922160EC12800FC3F29 /* Other.png in Resources */ = {isa = PBXBuildFile; fileRef = ABA6F91D160EC12800FC3F29 /* Other.png */; };
		ABA75E70160D6121001FA1E5 /* MessageUI.framework in Frameworks */ = {isa = PBXBuildFile; fileRef = ABA75E6F160D6121001FA1E5 /* MessageUI.framework */; };
		ABB054D716113B0F006359C6 /* MapKit.framework in Frameworks */ = {isa = PBXBuildFile; fileRef = ABB054D616113B0F006359C6 /* MapKit.framework */; };
		ABB054D916113B29006359C6 /* CoreLocation.framework in Frameworks */ = {isa = PBXBuildFile; fileRef = ABB054D816113B29006359C6 /* CoreLocation.framework */; };
		ABB37AF715F7CD510088F931 /* AddNewTableViewCell.m in Sources */ = {isa = PBXBuildFile; fileRef = ABB37AF615F7CD510088F931 /* AddNewTableViewCell.m */; };
		ABB8A3BE15F70D9700506C9E /* DataModel.m in Sources */ = {isa = PBXBuildFile; fileRef = ABB8A3BD15F70D9700506C9E /* DataModel.m */; };
		ABC0CEB3160BB6FA005DA6A7 /* EventKit.framework in Frameworks */ = {isa = PBXBuildFile; fileRef = ABC0CEB1160BB6FA005DA6A7 /* EventKit.framework */; };
		ABC0CEB4160BB6FA005DA6A7 /* EventKitUI.framework in Frameworks */ = {isa = PBXBuildFile; fileRef = ABC0CEB2160BB6FA005DA6A7 /* EventKitUI.framework */; };
		ABC1915915F88F8900528421 /* DoneUp.png in Resources */ = {isa = PBXBuildFile; fileRef = ABC1915715F88F8900528421 /* DoneUp.png */; };
		ABC1915A15F88F8900528421 /* DoneDown.png in Resources */ = {isa = PBXBuildFile; fileRef = ABC1915815F88F8900528421 /* DoneDown.png */; };
		ABC1C03615F979020084071B /* SourceTableViewController.m in Sources */ = {isa = PBXBuildFile; fileRef = ABC1C03515F979020084071B /* SourceTableViewController.m */; };
		ABC5F93215FECA9A0019C927 /* RootTabBarControllerViewController.m in Sources */ = {isa = PBXBuildFile; fileRef = ABC5F93115FECA9A0019C927 /* RootTabBarControllerViewController.m */; };
		ABC9457F15F6C878006A6A9C /* Inquiry.m in Sources */ = {isa = PBXBuildFile; fileRef = ABC9457E15F6C878006A6A9C /* Inquiry.m */; };
		ABC9458B15F6C952006A6A9C /* OpenHouse.m in Sources */ = {isa = PBXBuildFile; fileRef = ABC9458A15F6C952006A6A9C /* OpenHouse.m */; };
		ABC9D23615FB55BC0070A5F3 /* AddressBookUI.framework in Frameworks */ = {isa = PBXBuildFile; fileRef = ABC9D23515FB55BC0070A5F3 /* AddressBookUI.framework */; };
		ABC9D23815FB56890070A5F3 /* AddressBook.framework in Frameworks */ = {isa = PBXBuildFile; fileRef = ABC9D23715FB56890070A5F3 /* AddressBook.framework */; };
		ABF081FD15F84F2100F92FC7 /* button_green.png in Resources */ = {isa = PBXBuildFile; fileRef = ABF081F915F84F2100F92FC7 /* button_green.png */; };
		ABF081FE15F84F2100F92FC7 /* button_green@2x.png in Resources */ = {isa = PBXBuildFile; fileRef = ABF081FA15F84F2100F92FC7 /* button_green@2x.png */; };
		ABF081FF15F84F2100F92FC7 /* button_red.png in Resources */ = {isa = PBXBuildFile; fileRef = ABF081FB15F84F2100F92FC7 /* button_red.png */; };
		ABF0820015F84F2100F92FC7 /* button_red@2x.png in Resources */ = {isa = PBXBuildFile; fileRef = ABF081FC15F84F2100F92FC7 /* button_red@2x.png */; };
		ABF0820415F85BB100F92FC7 /* EditTableViewCell.m in Sources */ = {isa = PBXBuildFile; fileRef = ABF0820315F85BB100F92FC7 /* EditTableViewCell.m */; };
		ABFF4FD516004243009ADDE3 /* Contact.m in Sources */ = {isa = PBXBuildFile; fileRef = ABFF4FD416004243009ADDE3 /* Contact.m */; };
/* End PBXBuildFile section */

/* Begin PBXContainerItemProxy section */
		AB37181B16114B61008B9078 /* PBXContainerItemProxy */ = {
			isa = PBXContainerItemProxy;
			containerPortal = AB37181216114B61008B9078 /* QuickDialog.xcodeproj */;
			proxyType = 2;
			remoteGlobalIDString = D80B0E3313E052DF00FA85CA;
			remoteInfo = QuickDialogExample;
		};
		AB37181D16114B61008B9078 /* PBXContainerItemProxy */ = {
			isa = PBXContainerItemProxy;
			containerPortal = AB37181216114B61008B9078 /* QuickDialog.xcodeproj */;
			proxyType = 2;
			remoteGlobalIDString = 2C542393145ADEBD0026A152;
			remoteInfo = QuickDialog;
		};
		AB37182016114B83008B9078 /* PBXContainerItemProxy */ = {
			isa = PBXContainerItemProxy;
			containerPortal = AB37181216114B61008B9078 /* QuickDialog.xcodeproj */;
			proxyType = 1;
			remoteGlobalIDString = 2C542392145ADEBD0026A152;
			remoteInfo = QuickDialog;
		};
/* End PBXContainerItemProxy section */

/* Begin PBXFileReference section */
		8A1699B91608DC3B00C73D30 /* AudioToolbox.framework */ = {isa = PBXFileReference; lastKnownFileType = wrapper.framework; name = AudioToolbox.framework; path = System/Library/Frameworks/AudioToolbox.framework; sourceTree = SDKROOT; };
		AB122AFD160FEEE200F6E554 /* Calendar.png */ = {isa = PBXFileReference; lastKnownFileType = image.png; path = Calendar.png; sourceTree = "<group>"; };
		AB122B00160FF0A500F6E554 /* Stats.png */ = {isa = PBXFileReference; lastKnownFileType = image.png; path = Stats.png; sourceTree = "<group>"; };
		AB166D1E1605ABCF0004623F /* grouptableview@2x.png */ = {isa = PBXFileReference; lastKnownFileType = image.png; name = "grouptableview@2x.png"; path = "../grouptableview@2x.png"; sourceTree = "<group>"; };
		AB166D1F1605ABCF0004623F /* grouptableview.png */ = {isa = PBXFileReference; lastKnownFileType = image.png; name = grouptableview.png; path = ../grouptableview.png; sourceTree = "<group>"; };
		AB2A5D34160A4F9400EB4608 /* CustomEventViewController.h */ = {isa = PBXFileReference; fileEncoding = 4; lastKnownFileType = sourcecode.c.h; path = CustomEventViewController.h; sourceTree = "<group>"; };
		AB32F48F15EF0E5A00008E14 /* Listing Agent.app */ = {isa = PBXFileReference; explicitFileType = wrapper.application; includeInIndex = 0; path = "Listing Agent.app"; sourceTree = BUILT_PRODUCTS_DIR; };
		AB32F49315EF0E5A00008E14 /* UIKit.framework */ = {isa = PBXFileReference; lastKnownFileType = wrapper.framework; name = UIKit.framework; path = System/Library/Frameworks/UIKit.framework; sourceTree = SDKROOT; };
		AB32F49515EF0E5A00008E14 /* Foundation.framework */ = {isa = PBXFileReference; lastKnownFileType = wrapper.framework; name = Foundation.framework; path = System/Library/Frameworks/Foundation.framework; sourceTree = SDKROOT; };
		AB32F49715EF0E5A00008E14 /* CoreGraphics.framework */ = {isa = PBXFileReference; lastKnownFileType = wrapper.framework; name = CoreGraphics.framework; path = System/Library/Frameworks/CoreGraphics.framework; sourceTree = SDKROOT; };
		AB32F49B15EF0E5A00008E14 /* Listing Agent-Info.plist */ = {isa = PBXFileReference; lastKnownFileType = text.plist.xml; path = "Listing Agent-Info.plist"; sourceTree = "<group>"; };
		AB32F49D15EF0E5A00008E14 /* en */ = {isa = PBXFileReference; lastKnownFileType = text.plist.strings; name = en; path = en.lproj/InfoPlist.strings; sourceTree = "<group>"; };
		AB32F49F15EF0E5A00008E14 /* main.m */ = {isa = PBXFileReference; lastKnownFileType = sourcecode.c.objc; path = main.m; sourceTree = "<group>"; };
		AB32F4A115EF0E5A00008E14 /* Listing Agent-Prefix.pch */ = {isa = PBXFileReference; lastKnownFileType = sourcecode.c.h; path = "Listing Agent-Prefix.pch"; sourceTree = "<group>"; };
		AB32F4A215EF0E5A00008E14 /* AppDelegate.h */ = {isa = PBXFileReference; lastKnownFileType = sourcecode.c.h; path = AppDelegate.h; sourceTree = "<group>"; };
		AB32F4A315EF0E5B00008E14 /* AppDelegate.m */ = {isa = PBXFileReference; lastKnownFileType = sourcecode.c.objc; path = AppDelegate.m; sourceTree = "<group>"; };
		AB32F4A615EF0E5B00008E14 /* en */ = {isa = PBXFileReference; lastKnownFileType = file.storyboard; name = en; path = en.lproj/MainStoryboard.storyboard; sourceTree = "<group>"; };
		AB32F4A815EF0E5B00008E14 /* ListingsViewController.h */ = {isa = PBXFileReference; lastKnownFileType = sourcecode.c.h; path = ListingsViewController.h; sourceTree = "<group>"; };
		AB32F4A915EF0E5B00008E14 /* ListingsViewController.m */ = {isa = PBXFileReference; lastKnownFileType = sourcecode.c.objc; path = ListingsViewController.m; sourceTree = "<group>"; };
		AB32F4B115EF167A00008E14 /* ActivityLogViewController.m */ = {isa = PBXFileReference; fileEncoding = 4; lastKnownFileType = sourcecode.c.objc; path = ActivityLogViewController.m; sourceTree = "<group>"; };
		AB37181216114B61008B9078 /* QuickDialog.xcodeproj */ = {isa = PBXFileReference; lastKnownFileType = "wrapper.pb-project"; name = QuickDialog.xcodeproj; path = QuickDialog/QuickDialog.xcodeproj; sourceTree = "<group>"; };
		AB37182216114F5E008B9078 /* ListingViewController.h */ = {isa = PBXFileReference; fileEncoding = 4; lastKnownFileType = sourcecode.c.h; path = ListingViewController.h; sourceTree = "<group>"; };
		AB37182316114F5E008B9078 /* ListingViewController.m */ = {isa = PBXFileReference; fileEncoding = 4; lastKnownFileType = sourcecode.c.objc; path = ListingViewController.m; sourceTree = "<group>"; };
		AB3840A015F882FC00767BFB /* DCRoundSwitchToggleLayer.m */ = {isa = PBXFileReference; fileEncoding = 4; lastKnownFileType = sourcecode.c.objc; name = DCRoundSwitchToggleLayer.m; path = DCRoundSwitch/DCRoundSwitchToggleLayer.m; sourceTree = "<group>"; };
		AB3840A115F882FC00767BFB /* DCRoundSwitchToggleLayer.h */ = {isa = PBXFileReference; fileEncoding = 4; lastKnownFileType = sourcecode.c.h; name = DCRoundSwitchToggleLayer.h; path = DCRoundSwitch/DCRoundSwitchToggleLayer.h; sourceTree = "<group>"; };
		AB3840A215F882FC00767BFB /* DCRoundSwitchOutlineLayer.m */ = {isa = PBXFileReference; fileEncoding = 4; lastKnownFileType = sourcecode.c.objc; name = DCRoundSwitchOutlineLayer.m; path = DCRoundSwitch/DCRoundSwitchOutlineLayer.m; sourceTree = "<group>"; };
		AB3840A315F882FC00767BFB /* DCRoundSwitchOutlineLayer.h */ = {isa = PBXFileReference; fileEncoding = 4; lastKnownFileType = sourcecode.c.h; name = DCRoundSwitchOutlineLayer.h; path = DCRoundSwitch/DCRoundSwitchOutlineLayer.h; sourceTree = "<group>"; };
		AB3840A415F882FC00767BFB /* DCRoundSwitchKnobLayer.m */ = {isa = PBXFileReference; fileEncoding = 4; lastKnownFileType = sourcecode.c.objc; name = DCRoundSwitchKnobLayer.m; path = DCRoundSwitch/DCRoundSwitchKnobLayer.m; sourceTree = "<group>"; };
		AB3840A515F882FC00767BFB /* DCRoundSwitchKnobLayer.h */ = {isa = PBXFileReference; fileEncoding = 4; lastKnownFileType = sourcecode.c.h; name = DCRoundSwitchKnobLayer.h; path = DCRoundSwitch/DCRoundSwitchKnobLayer.h; sourceTree = "<group>"; };
		AB3840A615F882FC00767BFB /* DCRoundSwitch.m */ = {isa = PBXFileReference; fileEncoding = 4; lastKnownFileType = sourcecode.c.objc; name = DCRoundSwitch.m; path = DCRoundSwitch/DCRoundSwitch.m; sourceTree = "<group>"; };
		AB3840A715F882FC00767BFB /* DCRoundSwitch.h */ = {isa = PBXFileReference; fileEncoding = 4; lastKnownFileType = sourcecode.c.h; name = DCRoundSwitch.h; path = DCRoundSwitch/DCRoundSwitch.h; sourceTree = "<group>"; };
		AB3840AC15F884CF00767BFB /* QuartzCore.framework */ = {isa = PBXFileReference; lastKnownFileType = wrapper.framework; name = QuartzCore.framework; path = System/Library/Frameworks/QuartzCore.framework; sourceTree = SDKROOT; };
		AB629EEF160C184700C360FC /* Showing.h */ = {isa = PBXFileReference; fileEncoding = 4; lastKnownFileType = sourcecode.c.h; path = Showing.h; sourceTree = "<group>"; };
		AB629EF0160C184700C360FC /* Showing.m */ = {isa = PBXFileReference; fileEncoding = 4; lastKnownFileType = sourcecode.c.objc; path = Showing.m; sourceTree = "<group>"; };
		AB629EFB160C1ABD00C360FC /* Listing.h */ = {isa = PBXFileReference; fileEncoding = 4; lastKnownFileType = sourcecode.c.h; path = Listing.h; sourceTree = "<group>"; };
		AB629EFC160C1ABD00C360FC /* Listing.m */ = {isa = PBXFileReference; fileEncoding = 4; lastKnownFileType = sourcecode.c.objc; path = Listing.m; sourceTree = "<group>"; };
		AB629EFE160C279100C360FC /* MBProgressHUD.h */ = {isa = PBXFileReference; fileEncoding = 4; lastKnownFileType = sourcecode.c.h; name = MBProgressHUD.h; path = Controls/MBProgressHUD.h; sourceTree = "<group>"; };
		AB629EFF160C279100C360FC /* MBProgressHUD.m */ = {isa = PBXFileReference; fileEncoding = 4; lastKnownFileType = sourcecode.c.objc; name = MBProgressHUD.m; path = Controls/MBProgressHUD.m; sourceTree = "<group>"; };
		AB632BAA1605AF570089BA4F /* Default-568h@2x.png */ = {isa = PBXFileReference; lastKnownFileType = image.png; path = "Default-568h@2x.png"; sourceTree = "<group>"; };
		AB6AADDE1601D4DF0061DEB2 /* YIPopupTextView.m */ = {isa = PBXFileReference; fileEncoding = 4; lastKnownFileType = sourcecode.c.objc; path = YIPopupTextView.m; sourceTree = "<group>"; };
		AB6AADDF1601D4DF0061DEB2 /* YIPopupTextView.h */ = {isa = PBXFileReference; fileEncoding = 4; lastKnownFileType = sourcecode.c.h; path = YIPopupTextView.h; sourceTree = "<group>"; };
		AB6AADE01601D4DF0061DEB2 /* YIPopupDemoController.m */ = {isa = PBXFileReference; fileEncoding = 4; lastKnownFileType = sourcecode.c.objc; path = YIPopupDemoController.m; sourceTree = "<group>"; };
		AB6AADE11601D4DF0061DEB2 /* YIPopupDemoController.h */ = {isa = PBXFileReference; fileEncoding = 4; lastKnownFileType = sourcecode.c.h; path = YIPopupDemoController.h; sourceTree = "<group>"; };
		AB6AADE41601D4E80061DEB2 /* SSTextView.m */ = {isa = PBXFileReference; fileEncoding = 4; lastKnownFileType = sourcecode.c.objc; path = SSTextView.m; sourceTree = "<group>"; };
		AB6AADE51601D4E80061DEB2 /* SSTextView.h */ = {isa = PBXFileReference; fileEncoding = 4; lastKnownFileType = sourcecode.c.h; path = SSTextView.h; sourceTree = "<group>"; };
		AB6C74C415F5C1BD00A9EF3D /* appIcon@2x.png */ = {isa = PBXFileReference; lastKnownFileType = image.png; path = "appIcon@2x.png"; sourceTree = "<group>"; };
		AB75E533160ACABE0036C646 /* CustomEvent.h */ = {isa = PBXFileReference; fileEncoding = 4; lastKnownFileType = sourcecode.c.h; path = CustomEvent.h; sourceTree = "<group>"; };
		AB75E534160ACABE0036C646 /* CustomEvent.m */ = {isa = PBXFileReference; fileEncoding = 4; lastKnownFileType = sourcecode.c.objc; path = CustomEvent.m; sourceTree = "<group>"; };
		AB75E536160ACCA40036C646 /* CustomEventViewController.m */ = {isa = PBXFileReference; fileEncoding = 4; lastKnownFileType = sourcecode.c.objc; path = CustomEventViewController.m; sourceTree = "<group>"; };
		AB7B223515F02BD100F0128D /* CoreData.framework */ = {isa = PBXFileReference; lastKnownFileType = wrapper.framework; name = CoreData.framework; path = System/Library/Frameworks/CoreData.framework; sourceTree = SDKROOT; };
		AB7B223915F02ED400F0128D /* AgentAssistant.xcdatamodel */ = {isa = PBXFileReference; lastKnownFileType = wrapper.xcdatamodel; path = AgentAssistant.xcdatamodel; sourceTree = "<group>"; };
		AB7B223C15F0831500F0128D /* ShowingDetailViewController.h */ = {isa = PBXFileReference; fileEncoding = 4; lastKnownFileType = sourcecode.c.h; path = ShowingDetailViewController.h; sourceTree = "<group>"; };
		AB7B223D15F0831500F0128D /* ShowingDetailViewController.m */ = {isa = PBXFileReference; fileEncoding = 4; lastKnownFileType = sourcecode.c.objc; path = ShowingDetailViewController.m; sourceTree = "<group>"; };
		AB7B224215F0A5E200F0128D /* default.png */ = {isa = PBXFileReference; lastKnownFileType = image.png; path = default.png; sourceTree = SOURCE_ROOT; };
		AB7B224C15F0A94E00F0128D /* Default@2x.png */ = {isa = PBXFileReference; lastKnownFileType = image.png; path = "Default@2x.png"; sourceTree = "<group>"; };
		AB80C03C15F44125002A0D5F /* OpenHouseViewController.h */ = {isa = PBXFileReference; fileEncoding = 4; lastKnownFileType = sourcecode.c.h; path = OpenHouseViewController.h; sourceTree = "<group>"; };
		AB80C03D15F44125002A0D5F /* OpenHouseViewController.m */ = {isa = PBXFileReference; fileEncoding = 4; lastKnownFileType = sourcecode.c.objc; path = OpenHouseViewController.m; sourceTree = "<group>"; };
		AB80C03F15F453ED002A0D5F /* InquiryViewController.h */ = {isa = PBXFileReference; fileEncoding = 4; lastKnownFileType = sourcecode.c.h; path = InquiryViewController.h; sourceTree = "<group>"; };
		AB80C04015F453ED002A0D5F /* InquiryViewController.m */ = {isa = PBXFileReference; fileEncoding = 4; lastKnownFileType = sourcecode.c.objc; path = InquiryViewController.m; sourceTree = "<group>"; };
		AB8F4ECF15FFB48C001F0FA0 /* ContactsViewController.h */ = {isa = PBXFileReference; fileEncoding = 4; lastKnownFileType = sourcecode.c.h; path = ContactsViewController.h; sourceTree = "<group>"; };
		AB8F4ED015FFB48C001F0FA0 /* ContactsViewController.m */ = {isa = PBXFileReference; fileEncoding = 4; lastKnownFileType = sourcecode.c.objc; path = ContactsViewController.m; sourceTree = "<group>"; };
		AB8F4ED315FFE401001F0FA0 /* ActivityLog.h */ = {isa = PBXFileReference; fileEncoding = 4; lastKnownFileType = sourcecode.c.h; path = ActivityLog.h; sourceTree = "<group>"; };
		AB8F4ED415FFE401001F0FA0 /* ActivityLog.m */ = {isa = PBXFileReference; fileEncoding = 4; lastKnownFileType = sourcecode.c.objc; path = ActivityLog.m; sourceTree = "<group>"; };
		ABA2D140161191B0002C1F7C /* Google-Plus-8-icon_128x128.png */ = {isa = PBXFileReference; lastKnownFileType = image.png; path = "Google-Plus-8-icon_128x128.png"; sourceTree = "<group>"; };
		ABA2D144161194C9002C1F7C /* default_128x128_note.png */ = {isa = PBXFileReference; lastKnownFileType = image.png; path = default_128x128_note.png; sourceTree = "<group>"; };
		ABA6F919160EC12800FC3F29 /* Showing.png */ = {isa = PBXFileReference; lastKnownFileType = image.png; path = Showing.png; sourceTree = "<group>"; };
		ABA6F91A160EC12800FC3F29 /* Inquiry.png */ = {isa = PBXFileReference; lastKnownFileType = image.png; path = Inquiry.png; sourceTree = "<group>"; };
		ABA6F91C160EC12800FC3F29 /* OpenHouse.png */ = {isa = PBXFileReference; lastKnownFileType = image.png; path = OpenHouse.png; sourceTree = "<group>"; };
		ABA6F91D160EC12800FC3F29 /* Other.png */ = {isa = PBXFileReference; lastKnownFileType = image.png; path = Other.png; sourceTree = "<group>"; };
		ABA75E6F160D6121001FA1E5 /* MessageUI.framework */ = {isa = PBXFileReference; lastKnownFileType = wrapper.framework; name = MessageUI.framework; path = System/Library/Frameworks/MessageUI.framework; sourceTree = SDKROOT; };
		ABA9E98415F7BEC0008FFF87 /* ActivityLogViewController.h */ = {isa = PBXFileReference; fileEncoding = 4; lastKnownFileType = sourcecode.c.h; path = ActivityLogViewController.h; sourceTree = "<group>"; };
		ABB054C4161138C6006359C6 /* libQuickDialog-Prefix.pch */ = {isa = PBXFileReference; lastKnownFileType = sourcecode.c.h; name = "libQuickDialog-Prefix.pch"; path = "../../../../../Downloads/escoz-QuickDialog-35a98ad/libQuickDialog/libQuickDialog-Prefix.pch"; sourceTree = "<group>"; };
		ABB054D616113B0F006359C6 /* MapKit.framework */ = {isa = PBXFileReference; lastKnownFileType = wrapper.framework; name = MapKit.framework; path = System/Library/Frameworks/MapKit.framework; sourceTree = SDKROOT; };
		ABB054D816113B29006359C6 /* CoreLocation.framework */ = {isa = PBXFileReference; lastKnownFileType = wrapper.framework; name = CoreLocation.framework; path = System/Library/Frameworks/CoreLocation.framework; sourceTree = SDKROOT; };
		ABB37AF515F7CD510088F931 /* AddNewTableViewCell.h */ = {isa = PBXFileReference; fileEncoding = 4; lastKnownFileType = sourcecode.c.h; path = AddNewTableViewCell.h; sourceTree = "<group>"; };
		ABB37AF615F7CD510088F931 /* AddNewTableViewCell.m */ = {isa = PBXFileReference; fileEncoding = 4; lastKnownFileType = sourcecode.c.objc; path = AddNewTableViewCell.m; sourceTree = "<group>"; };
		ABB8A3BC15F70D9700506C9E /* DataModel.h */ = {isa = PBXFileReference; fileEncoding = 4; lastKnownFileType = sourcecode.c.h; path = DataModel.h; sourceTree = "<group>"; };
		ABB8A3BD15F70D9700506C9E /* DataModel.m */ = {isa = PBXFileReference; fileEncoding = 4; lastKnownFileType = sourcecode.c.objc; path = DataModel.m; sourceTree = "<group>"; };
		ABC0CEB1160BB6FA005DA6A7 /* EventKit.framework */ = {isa = PBXFileReference; lastKnownFileType = wrapper.framework; name = EventKit.framework; path = System/Library/Frameworks/EventKit.framework; sourceTree = SDKROOT; };
		ABC0CEB2160BB6FA005DA6A7 /* EventKitUI.framework */ = {isa = PBXFileReference; lastKnownFileType = wrapper.framework; name = EventKitUI.framework; path = System/Library/Frameworks/EventKitUI.framework; sourceTree = SDKROOT; };
		ABC1915715F88F8900528421 /* DoneUp.png */ = {isa = PBXFileReference; lastKnownFileType = image.png; name = DoneUp.png; path = images/DoneUp.png; sourceTree = "<group>"; };
		ABC1915815F88F8900528421 /* DoneDown.png */ = {isa = PBXFileReference; lastKnownFileType = image.png; name = DoneDown.png; path = images/DoneDown.png; sourceTree = "<group>"; };
		ABC1C03415F979020084071B /* SourceTableViewController.h */ = {isa = PBXFileReference; fileEncoding = 4; lastKnownFileType = sourcecode.c.h; path = SourceTableViewController.h; sourceTree = "<group>"; };
		ABC1C03515F979020084071B /* SourceTableViewController.m */ = {isa = PBXFileReference; fileEncoding = 4; lastKnownFileType = sourcecode.c.objc; path = SourceTableViewController.m; sourceTree = "<group>"; };
		ABC5F93015FECA990019C927 /* RootTabBarControllerViewController.h */ = {isa = PBXFileReference; fileEncoding = 4; lastKnownFileType = sourcecode.c.h; path = RootTabBarControllerViewController.h; sourceTree = "<group>"; };
		ABC5F93115FECA9A0019C927 /* RootTabBarControllerViewController.m */ = {isa = PBXFileReference; fileEncoding = 4; lastKnownFileType = sourcecode.c.objc; path = RootTabBarControllerViewController.m; sourceTree = "<group>"; };
		ABC9457D15F6C878006A6A9C /* Inquiry.h */ = {isa = PBXFileReference; fileEncoding = 4; lastKnownFileType = sourcecode.c.h; path = Inquiry.h; sourceTree = "<group>"; };
		ABC9457E15F6C878006A6A9C /* Inquiry.m */ = {isa = PBXFileReference; fileEncoding = 4; lastKnownFileType = sourcecode.c.objc; path = Inquiry.m; sourceTree = "<group>"; };
		ABC9458915F6C952006A6A9C /* OpenHouse.h */ = {isa = PBXFileReference; fileEncoding = 4; lastKnownFileType = sourcecode.c.h; path = OpenHouse.h; sourceTree = "<group>"; };
		ABC9458A15F6C952006A6A9C /* OpenHouse.m */ = {isa = PBXFileReference; fileEncoding = 4; lastKnownFileType = sourcecode.c.objc; path = OpenHouse.m; sourceTree = "<group>"; };
		ABC9D23515FB55BC0070A5F3 /* AddressBookUI.framework */ = {isa = PBXFileReference; lastKnownFileType = wrapper.framework; name = AddressBookUI.framework; path = System/Library/Frameworks/AddressBookUI.framework; sourceTree = SDKROOT; };
		ABC9D23715FB56890070A5F3 /* AddressBook.framework */ = {isa = PBXFileReference; lastKnownFileType = wrapper.framework; name = AddressBook.framework; path = System/Library/Frameworks/AddressBook.framework; sourceTree = SDKROOT; };
		ABE85D00160C0D9E007DDAB6 /* AgentAssistant 2.xcdatamodel */ = {isa = PBXFileReference; lastKnownFileType = wrapper.xcdatamodel; path = "AgentAssistant 2.xcdatamodel"; sourceTree = "<group>"; };
		ABF081F915F84F2100F92FC7 /* button_green.png */ = {isa = PBXFileReference; lastKnownFileType = image.png; path = button_green.png; sourceTree = "<group>"; };
		ABF081FA15F84F2100F92FC7 /* button_green@2x.png */ = {isa = PBXFileReference; lastKnownFileType = image.png; path = "button_green@2x.png"; sourceTree = "<group>"; };
		ABF081FB15F84F2100F92FC7 /* button_red.png */ = {isa = PBXFileReference; lastKnownFileType = image.png; path = button_red.png; sourceTree = "<group>"; };
		ABF081FC15F84F2100F92FC7 /* button_red@2x.png */ = {isa = PBXFileReference; lastKnownFileType = image.png; path = "button_red@2x.png"; sourceTree = "<group>"; };
		ABF0820215F85BB100F92FC7 /* EditTableViewCell.h */ = {isa = PBXFileReference; fileEncoding = 4; lastKnownFileType = sourcecode.c.h; path = EditTableViewCell.h; sourceTree = "<group>"; };
		ABF0820315F85BB100F92FC7 /* EditTableViewCell.m */ = {isa = PBXFileReference; fileEncoding = 4; lastKnownFileType = sourcecode.c.objc; path = EditTableViewCell.m; sourceTree = "<group>"; };
		ABFF4FD316004243009ADDE3 /* Contact.h */ = {isa = PBXFileReference; fileEncoding = 4; lastKnownFileType = sourcecode.c.h; path = Contact.h; sourceTree = "<group>"; };
		ABFF4FD416004243009ADDE3 /* Contact.m */ = {isa = PBXFileReference; fileEncoding = 4; lastKnownFileType = sourcecode.c.objc; path = Contact.m; sourceTree = "<group>"; };
/* End PBXFileReference section */

/* Begin PBXFrameworksBuildPhase section */
		AB32F48C15EF0E5A00008E14 /* Frameworks */ = {
			isa = PBXFrameworksBuildPhase;
			buildActionMask = 2147483647;
			files = (
				AB37181F16114B7D008B9078 /* libQuickDialog.a in Frameworks */,
				ABB054D916113B29006359C6 /* CoreLocation.framework in Frameworks */,
				ABB054D716113B0F006359C6 /* MapKit.framework in Frameworks */,
				ABA75E70160D6121001FA1E5 /* MessageUI.framework in Frameworks */,
				ABC0CEB3160BB6FA005DA6A7 /* EventKit.framework in Frameworks */,
				ABC0CEB4160BB6FA005DA6A7 /* EventKitUI.framework in Frameworks */,
				8A1699BA1608DC3B00C73D30 /* AudioToolbox.framework in Frameworks */,
				ABC9D23815FB56890070A5F3 /* AddressBook.framework in Frameworks */,
				ABC9D23615FB55BC0070A5F3 /* AddressBookUI.framework in Frameworks */,
				AB3840AD15F884CF00767BFB /* QuartzCore.framework in Frameworks */,
				AB7B223615F02BD100F0128D /* CoreData.framework in Frameworks */,
				AB32F49415EF0E5A00008E14 /* UIKit.framework in Frameworks */,
				AB32F49615EF0E5A00008E14 /* Foundation.framework in Frameworks */,
				AB32F49815EF0E5A00008E14 /* CoreGraphics.framework in Frameworks */,
			);
			runOnlyForDeploymentPostprocessing = 0;
		};
/* End PBXFrameworksBuildPhase section */

/* Begin PBXGroup section */
		8A1699B41608D4D800C73D30 /* Controls */ = {
			isa = PBXGroup;
			children = (
				AB629EFE160C279100C360FC /* MBProgressHUD.h */,
				AB629EFF160C279100C360FC /* MBProgressHUD.m */,
			);
			name = Controls;
			sourceTree = "<group>";
		};
		AB2A5D32160A4F0F00EB4608 /* EventViewControllers */ = {
			isa = PBXGroup;
			children = (
				AB7B223C15F0831500F0128D /* ShowingDetailViewController.h */,
				AB7B223D15F0831500F0128D /* ShowingDetailViewController.m */,
				AB80C03C15F44125002A0D5F /* OpenHouseViewController.h */,
				AB80C03D15F44125002A0D5F /* OpenHouseViewController.m */,
				AB80C03F15F453ED002A0D5F /* InquiryViewController.h */,
				AB80C04015F453ED002A0D5F /* InquiryViewController.m */,
				AB2A5D34160A4F9400EB4608 /* CustomEventViewController.h */,
				AB75E536160ACCA40036C646 /* CustomEventViewController.m */,
			);
			name = EventViewControllers;
			sourceTree = "<group>";
		};
		AB2A5D33160A4F3E00EB4608 /* SharedViewControllers */ = {
			isa = PBXGroup;
			children = (
				AB8F4ECF15FFB48C001F0FA0 /* ContactsViewController.h */,
				AB8F4ED015FFB48C001F0FA0 /* ContactsViewController.m */,
				ABC1C03415F979020084071B /* SourceTableViewController.h */,
				ABC1C03515F979020084071B /* SourceTableViewController.m */,
			);
			name = SharedViewControllers;
			sourceTree = "<group>";
		};
		AB32F48415EF0E5A00008E14 = {
			isa = PBXGroup;
			children = (
				AB37181116114B37008B9078 /* QuickDialog */,
				ABB054C4161138C6006359C6 /* libQuickDialog-Prefix.pch */,
				AB629EEE160C17DE00C360FC /* DataModel */,
				AB632BAA1605AF570089BA4F /* Default-568h@2x.png */,
				AB6AADDD1601D47A0061DEB2 /* YIPopupTextView */,
				ABC1915515F88F7A00528421 /* Images */,
				AB38409F15F882EE00767BFB /* DCRoundSwitch */,
				AB78B78515F1717A00FBF7AF /* Model */,
				AB7B224C15F0A94E00F0128D /* Default@2x.png */,
				AB32F49915EF0E5A00008E14 /* AgentAssistant */,
				AB7B223B15F02EDA00F0128D /* Resources */,
				AB32F49215EF0E5A00008E14 /* Frameworks */,
				AB32F49015EF0E5A00008E14 /* Products */,
			);
			sourceTree = "<group>";
		};
		AB32F49015EF0E5A00008E14 /* Products */ = {
			isa = PBXGroup;
			children = (
				AB32F48F15EF0E5A00008E14 /* Listing Agent.app */,
			);
			name = Products;
			sourceTree = "<group>";
		};
		AB32F49215EF0E5A00008E14 /* Frameworks */ = {
			isa = PBXGroup;
			children = (
				AB37181216114B61008B9078 /* QuickDialog.xcodeproj */,
				ABB054D816113B29006359C6 /* CoreLocation.framework */,
				ABB054D616113B0F006359C6 /* MapKit.framework */,
				ABA75E6F160D6121001FA1E5 /* MessageUI.framework */,
				ABC0CEB1160BB6FA005DA6A7 /* EventKit.framework */,
				ABC0CEB2160BB6FA005DA6A7 /* EventKitUI.framework */,
				8A1699B91608DC3B00C73D30 /* AudioToolbox.framework */,
				ABC9D23715FB56890070A5F3 /* AddressBook.framework */,
				ABC9D23515FB55BC0070A5F3 /* AddressBookUI.framework */,
				AB3840AC15F884CF00767BFB /* QuartzCore.framework */,
				AB7B223515F02BD100F0128D /* CoreData.framework */,
				AB32F49315EF0E5A00008E14 /* UIKit.framework */,
				AB32F49515EF0E5A00008E14 /* Foundation.framework */,
				AB32F49715EF0E5A00008E14 /* CoreGraphics.framework */,
			);
			name = Frameworks;
			sourceTree = "<group>";
		};
		AB32F49915EF0E5A00008E14 /* AgentAssistant */ = {
			isa = PBXGroup;
			children = (
				AB2A5D33160A4F3E00EB4608 /* SharedViewControllers */,
				AB2A5D32160A4F0F00EB4608 /* EventViewControllers */,
				8A1699B41608D4D800C73D30 /* Controls */,
				AB7B224215F0A5E200F0128D /* default.png */,
				AB32F4A215EF0E5A00008E14 /* AppDelegate.h */,
				AB32F4A315EF0E5B00008E14 /* AppDelegate.m */,
				AB32F4A515EF0E5B00008E14 /* MainStoryboard.storyboard */,
				AB32F4A815EF0E5B00008E14 /* ListingsViewController.h */,
				AB32F4A915EF0E5B00008E14 /* ListingsViewController.m */,
				AB32F49A15EF0E5A00008E14 /* Supporting Files */,
				ABA9E98415F7BEC0008FFF87 /* ActivityLogViewController.h */,
				AB32F4B115EF167A00008E14 /* ActivityLogViewController.m */,
				ABB37AF515F7CD510088F931 /* AddNewTableViewCell.h */,
				ABB37AF615F7CD510088F931 /* AddNewTableViewCell.m */,
				ABF0820215F85BB100F92FC7 /* EditTableViewCell.h */,
				ABF0820315F85BB100F92FC7 /* EditTableViewCell.m */,
				ABC5F93015FECA990019C927 /* RootTabBarControllerViewController.h */,
				ABC5F93115FECA9A0019C927 /* RootTabBarControllerViewController.m */,
				AB37182216114F5E008B9078 /* ListingViewController.h */,
				AB37182316114F5E008B9078 /* ListingViewController.m */,
			);
			path = AgentAssistant;
			sourceTree = "<group>";
		};
		AB32F49A15EF0E5A00008E14 /* Supporting Files */ = {
			isa = PBXGroup;
			children = (
				AB32F49B15EF0E5A00008E14 /* Listing Agent-Info.plist */,
				AB32F49C15EF0E5A00008E14 /* InfoPlist.strings */,
				AB32F49F15EF0E5A00008E14 /* main.m */,
				AB32F4A115EF0E5A00008E14 /* Listing Agent-Prefix.pch */,
			);
			name = "Supporting Files";
			sourceTree = "<group>";
		};
		AB37181116114B37008B9078 /* QuickDialog */ = {
			isa = PBXGroup;
			children = (
			);
			name = QuickDialog;
			sourceTree = "<group>";
		};
		AB37181316114B61008B9078 /* Products */ = {
			isa = PBXGroup;
			children = (
				AB37181C16114B61008B9078 /* QuickDialogExample.app */,
				AB37181E16114B61008B9078 /* libQuickDialog.a */,
			);
			name = Products;
			sourceTree = "<group>";
		};
		AB38409F15F882EE00767BFB /* DCRoundSwitch */ = {
			isa = PBXGroup;
			children = (
				AB3840A015F882FC00767BFB /* DCRoundSwitchToggleLayer.m */,
				AB3840A115F882FC00767BFB /* DCRoundSwitchToggleLayer.h */,
				AB3840A215F882FC00767BFB /* DCRoundSwitchOutlineLayer.m */,
				AB3840A315F882FC00767BFB /* DCRoundSwitchOutlineLayer.h */,
				AB3840A415F882FC00767BFB /* DCRoundSwitchKnobLayer.m */,
				AB3840A515F882FC00767BFB /* DCRoundSwitchKnobLayer.h */,
				AB3840A615F882FC00767BFB /* DCRoundSwitch.m */,
				AB3840A715F882FC00767BFB /* DCRoundSwitch.h */,
			);
			name = DCRoundSwitch;
			sourceTree = "<group>";
		};
		AB629EEE160C17DE00C360FC /* DataModel */ = {
			isa = PBXGroup;
			children = (
				AB629EFB160C1ABD00C360FC /* Listing.h */,
				AB629EFC160C1ABD00C360FC /* Listing.m */,
				AB629EEF160C184700C360FC /* Showing.h */,
				AB629EF0160C184700C360FC /* Showing.m */,
				AB75E533160ACABE0036C646 /* CustomEvent.h */,
				AB75E534160ACABE0036C646 /* CustomEvent.m */,
				ABC9457D15F6C878006A6A9C /* Inquiry.h */,
				ABC9457E15F6C878006A6A9C /* Inquiry.m */,
				ABC9458915F6C952006A6A9C /* OpenHouse.h */,
				ABC9458A15F6C952006A6A9C /* OpenHouse.m */,
				AB8F4ED315FFE401001F0FA0 /* ActivityLog.h */,
				AB8F4ED415FFE401001F0FA0 /* ActivityLog.m */,
				ABFF4FD316004243009ADDE3 /* Contact.h */,
				ABFF4FD416004243009ADDE3 /* Contact.m */,
				AB7B223815F02ED400F0128D /* AgentAssistant.xcdatamodeld */,
			);
			name = DataModel;
			sourceTree = "<group>";
		};
		AB6AADDD1601D47A0061DEB2 /* YIPopupTextView */ = {
			isa = PBXGroup;
			children = (
				AB6AADE41601D4E80061DEB2 /* SSTextView.m */,
				AB6AADE51601D4E80061DEB2 /* SSTextView.h */,
				AB6AADDE1601D4DF0061DEB2 /* YIPopupTextView.m */,
				AB6AADDF1601D4DF0061DEB2 /* YIPopupTextView.h */,
				AB6AADE01601D4DF0061DEB2 /* YIPopupDemoController.m */,
				AB6AADE11601D4DF0061DEB2 /* YIPopupDemoController.h */,
			);
			name = YIPopupTextView;
			sourceTree = "<group>";
		};
		AB78B78515F1717A00FBF7AF /* Model */ = {
			isa = PBXGroup;
			children = (
				ABB8A3BC15F70D9700506C9E /* DataModel.h */,
				ABB8A3BD15F70D9700506C9E /* DataModel.m */,
			);
			name = Model;
			sourceTree = "<group>";
		};
		AB7B223B15F02EDA00F0128D /* Resources */ = {
			isa = PBXGroup;
			children = (
				AB166D1E1605ABCF0004623F /* grouptableview@2x.png */,
				ABA2D144161194C9002C1F7C /* default_128x128_note.png */,
				ABA2D140161191B0002C1F7C /* Google-Plus-8-icon_128x128.png */,
				AB122B00160FF0A500F6E554 /* Stats.png */,
				AB122AFD160FEEE200F6E554 /* Calendar.png */,
				ABA6F919160EC12800FC3F29 /* Showing.png */,
				ABA6F91A160EC12800FC3F29 /* Inquiry.png */,
				ABA6F91C160EC12800FC3F29 /* OpenHouse.png */,
				ABA6F91D160EC12800FC3F29 /* Other.png */,
				AB166D1F1605ABCF0004623F /* grouptableview.png */,
				ABF081F915F84F2100F92FC7 /* button_green.png */,
				ABF081FA15F84F2100F92FC7 /* button_green@2x.png */,
				ABF081FB15F84F2100F92FC7 /* button_red.png */,
				ABF081FC15F84F2100F92FC7 /* button_red@2x.png */,
				AB6C74C415F5C1BD00A9EF3D /* appIcon@2x.png */,
			);
			name = Resources;
			sourceTree = "<group>";
		};
		ABC1915515F88F7A00528421 /* Images */ = {
			isa = PBXGroup;
			children = (
				ABC1915715F88F8900528421 /* DoneUp.png */,
				ABC1915815F88F8900528421 /* DoneDown.png */,
			);
			name = Images;
			sourceTree = "<group>";
		};
/* End PBXGroup section */

/* Begin PBXNativeTarget section */
		AB32F48E15EF0E5A00008E14 /* Listing Agent */ = {
			isa = PBXNativeTarget;
			buildConfigurationList = AB32F4AD15EF0E5B00008E14 /* Build configuration list for PBXNativeTarget "Listing Agent" */;
			buildPhases = (
				AB32F48B15EF0E5A00008E14 /* Sources */,
				AB32F48C15EF0E5A00008E14 /* Frameworks */,
				AB32F48D15EF0E5A00008E14 /* Resources */,
			);
			buildRules = (
			);
			dependencies = (
				AB37182116114B83008B9078 /* PBXTargetDependency */,
			);
			name = "Listing Agent";
			productName = AgentAssistant;
			productReference = AB32F48F15EF0E5A00008E14 /* Listing Agent.app */;
			productType = "com.apple.product-type.application";
		};
/* End PBXNativeTarget section */

/* Begin PBXProject section */
		AB32F48615EF0E5A00008E14 /* Project object */ = {
			isa = PBXProject;
			attributes = {
				LastUpgradeCheck = 0450;
				ORGANIZATIONNAME = WhiteRockLife;
			};
			buildConfigurationList = AB32F48915EF0E5A00008E14 /* Build configuration list for PBXProject "Listing Agent" */;
			compatibilityVersion = "Xcode 3.2";
			developmentRegion = English;
			hasScannedForEncodings = 0;
			knownRegions = (
				en,
			);
			mainGroup = AB32F48415EF0E5A00008E14;
			productRefGroup = AB32F49015EF0E5A00008E14 /* Products */;
			projectDirPath = "";
			projectReferences = (
				{
					ProductGroup = AB37181316114B61008B9078 /* Products */;
					ProjectRef = AB37181216114B61008B9078 /* QuickDialog.xcodeproj */;
				},
			);
			projectRoot = "";
			targets = (
				AB32F48E15EF0E5A00008E14 /* Listing Agent */,
			);
		};
/* End PBXProject section */

/* Begin PBXReferenceProxy section */
		AB37181C16114B61008B9078 /* QuickDialogExample.app */ = {
			isa = PBXReferenceProxy;
			fileType = wrapper.application;
			path = QuickDialogExample.app;
			remoteRef = AB37181B16114B61008B9078 /* PBXContainerItemProxy */;
			sourceTree = BUILT_PRODUCTS_DIR;
		};
		AB37181E16114B61008B9078 /* libQuickDialog.a */ = {
			isa = PBXReferenceProxy;
			fileType = archive.ar;
			path = libQuickDialog.a;
			remoteRef = AB37181D16114B61008B9078 /* PBXContainerItemProxy */;
			sourceTree = BUILT_PRODUCTS_DIR;
		};
/* End PBXReferenceProxy section */

/* Begin PBXResourcesBuildPhase section */
		AB32F48D15EF0E5A00008E14 /* Resources */ = {
			isa = PBXResourcesBuildPhase;
			buildActionMask = 2147483647;
			files = (
				AB32F49E15EF0E5A00008E14 /* InfoPlist.strings in Resources */,
				AB32F4A715EF0E5B00008E14 /* MainStoryboard.storyboard in Resources */,
				AB7B224415F0A5E200F0128D /* default.png in Resources */,
				AB7B224D15F0A94E00F0128D /* Default@2x.png in Resources */,
				AB6C74C515F5C1BD00A9EF3D /* appIcon@2x.png in Resources */,
				ABF081FD15F84F2100F92FC7 /* button_green.png in Resources */,
				ABF081FE15F84F2100F92FC7 /* button_green@2x.png in Resources */,
				ABF081FF15F84F2100F92FC7 /* button_red.png in Resources */,
				ABF0820015F84F2100F92FC7 /* button_red@2x.png in Resources */,
				ABC1915915F88F8900528421 /* DoneUp.png in Resources */,
				ABC1915A15F88F8900528421 /* DoneDown.png in Resources */,
				AB166D201605ABCF0004623F /* grouptableview@2x.png in Resources */,
				AB166D211605ABCF0004623F /* grouptableview.png in Resources */,
				AB632BAB1605AF570089BA4F /* Default-568h@2x.png in Resources */,
				ABA6F91E160EC12800FC3F29 /* Showing.png in Resources */,
				ABA6F91F160EC12800FC3F29 /* Inquiry.png in Resources */,
				ABA6F921160EC12800FC3F29 /* OpenHouse.png in Resources */,
				ABA6F922160EC12800FC3F29 /* Other.png in Resources */,
				AB122AFE160FEEE200F6E554 /* Calendar.png in Resources */,
				AB122B01160FF0A500F6E554 /* Stats.png in Resources */,
				ABA2D141161191B0002C1F7C /* Google-Plus-8-icon_128x128.png in Resources */,
				ABA2D145161194C9002C1F7C /* default_128x128_note.png in Resources */,
			);
			runOnlyForDeploymentPostprocessing = 0;
		};
/* End PBXResourcesBuildPhase section */

/* Begin PBXSourcesBuildPhase section */
		AB32F48B15EF0E5A00008E14 /* Sources */ = {
			isa = PBXSourcesBuildPhase;
			buildActionMask = 2147483647;
			files = (
				AB32F4A015EF0E5A00008E14 /* main.m in Sources */,
				AB32F4A415EF0E5B00008E14 /* AppDelegate.m in Sources */,
				AB32F4AA15EF0E5B00008E14 /* ListingsViewController.m in Sources */,
				AB32F4B215EF167A00008E14 /* ActivityLogViewController.m in Sources */,
				AB7B223A15F02ED400F0128D /* AgentAssistant.xcdatamodeld in Sources */,
				AB7B223E15F0831500F0128D /* ShowingDetailViewController.m in Sources */,
				AB80C03E15F44125002A0D5F /* OpenHouseViewController.m in Sources */,
				AB80C04115F453ED002A0D5F /* InquiryViewController.m in Sources */,
				ABC9457F15F6C878006A6A9C /* Inquiry.m in Sources */,
				ABC9458B15F6C952006A6A9C /* OpenHouse.m in Sources */,
				ABB8A3BE15F70D9700506C9E /* DataModel.m in Sources */,
				ABB37AF715F7CD510088F931 /* AddNewTableViewCell.m in Sources */,
				ABF0820415F85BB100F92FC7 /* EditTableViewCell.m in Sources */,
				AB3840A815F882FC00767BFB /* DCRoundSwitchToggleLayer.m in Sources */,
				AB3840A915F882FC00767BFB /* DCRoundSwitchOutlineLayer.m in Sources */,
				AB3840AA15F882FC00767BFB /* DCRoundSwitchKnobLayer.m in Sources */,
				AB3840AB15F882FC00767BFB /* DCRoundSwitch.m in Sources */,
				ABC1C03615F979020084071B /* SourceTableViewController.m in Sources */,
				ABC5F93215FECA9A0019C927 /* RootTabBarControllerViewController.m in Sources */,
				AB8F4ED115FFB48C001F0FA0 /* ContactsViewController.m in Sources */,
				AB8F4ED515FFE401001F0FA0 /* ActivityLog.m in Sources */,
				ABFF4FD516004243009ADDE3 /* Contact.m in Sources */,
				AB6AADE21601D4DF0061DEB2 /* YIPopupTextView.m in Sources */,
				AB6AADE31601D4DF0061DEB2 /* YIPopupDemoController.m in Sources */,
				AB6AADE61601D4E80061DEB2 /* SSTextView.m in Sources */,
				AB75E535160ACABE0036C646 /* CustomEvent.m in Sources */,
				AB75E537160ACCA40036C646 /* CustomEventViewController.m in Sources */,
				AB629EF1160C184700C360FC /* Showing.m in Sources */,
				AB629EFD160C1ABD00C360FC /* Listing.m in Sources */,
				AB629F00160C279100C360FC /* MBProgressHUD.m in Sources */,
				AB37182416114F5E008B9078 /* ListingViewController.m in Sources */,
			);
			runOnlyForDeploymentPostprocessing = 0;
		};
/* End PBXSourcesBuildPhase section */

/* Begin PBXTargetDependency section */
		AB37182116114B83008B9078 /* PBXTargetDependency */ = {
			isa = PBXTargetDependency;
			name = QuickDialog;
			targetProxy = AB37182016114B83008B9078 /* PBXContainerItemProxy */;
		};
/* End PBXTargetDependency section */

/* Begin PBXVariantGroup section */
		AB32F49C15EF0E5A00008E14 /* InfoPlist.strings */ = {
			isa = PBXVariantGroup;
			children = (
				AB32F49D15EF0E5A00008E14 /* en */,
			);
			name = InfoPlist.strings;
			sourceTree = "<group>";
		};
		AB32F4A515EF0E5B00008E14 /* MainStoryboard.storyboard */ = {
			isa = PBXVariantGroup;
			children = (
				AB32F4A615EF0E5B00008E14 /* en */,
			);
			name = MainStoryboard.storyboard;
			sourceTree = "<group>";
		};
/* End PBXVariantGroup section */

/* Begin XCBuildConfiguration section */
		AB32F4AB15EF0E5B00008E14 /* Debug */ = {
			isa = XCBuildConfiguration;
			buildSettings = {
				ALWAYS_SEARCH_USER_PATHS = NO;
				CLANG_CXX_LANGUAGE_STANDARD = "gnu++0x";
				CLANG_CXX_LIBRARY = "libc++";
				CLANG_ENABLE_OBJC_ARC = YES;
				CLANG_WARN__DUPLICATE_METHOD_MATCH = YES;
				"CODE_SIGN_IDENTITY[sdk=iphoneos*]" = "iPhone Developer";
				COPY_PHASE_STRIP = NO;
				GCC_C_LANGUAGE_STANDARD = gnu99;
				GCC_DYNAMIC_NO_PIC = NO;
				GCC_OPTIMIZATION_LEVEL = 0;
				GCC_PREPROCESSOR_DEFINITIONS = (
					"DEBUG=1",
					"$(inherited)",
				);
				GCC_SYMBOLS_PRIVATE_EXTERN = NO;
				GCC_WARN_ABOUT_RETURN_TYPE = YES;
				GCC_WARN_UNINITIALIZED_AUTOS = YES;
				GCC_WARN_UNUSED_VARIABLE = YES;
				IPHONEOS_DEPLOYMENT_TARGET = 6.0;
				SDKROOT = iphoneos;
			};
			name = Debug;
		};
		AB32F4AC15EF0E5B00008E14 /* Release */ = {
			isa = XCBuildConfiguration;
			buildSettings = {
				ALWAYS_SEARCH_USER_PATHS = NO;
				CLANG_CXX_LANGUAGE_STANDARD = "gnu++0x";
				CLANG_CXX_LIBRARY = "libc++";
				CLANG_ENABLE_OBJC_ARC = YES;
				CLANG_WARN__DUPLICATE_METHOD_MATCH = YES;
				"CODE_SIGN_IDENTITY[sdk=iphoneos*]" = "iPhone Developer";
				COPY_PHASE_STRIP = YES;
				GCC_C_LANGUAGE_STANDARD = gnu99;
				GCC_WARN_ABOUT_RETURN_TYPE = YES;
				GCC_WARN_UNINITIALIZED_AUTOS = YES;
				GCC_WARN_UNUSED_VARIABLE = YES;
				IPHONEOS_DEPLOYMENT_TARGET = 6.0;
				OTHER_CFLAGS = "-DNS_BLOCK_ASSERTIONS=1";
				SDKROOT = iphoneos;
				VALIDATE_PRODUCT = YES;
			};
			name = Release;
		};
		AB32F4AE15EF0E5B00008E14 /* Debug */ = {
			isa = XCBuildConfiguration;
			buildSettings = {
				ALWAYS_SEARCH_USER_PATHS = YES;
				"FRAMEWORK_SEARCH_PATHS[arch=*]" = "\"${PROJECT_DIR}/QuickDialog\"";
				GCC_PRECOMPILE_PREFIX_HEADER = YES;
				GCC_PREFIX_HEADER = "AgentAssistant/Listing Agent-Prefix.pch";
				HEADER_SEARCH_PATHS = "\"${PROJECT_DIR}/QuickDialog\"/**";
				INFOPLIST_FILE = "AgentAssistant/Listing Agent-Info.plist";
				IPHONEOS_DEPLOYMENT_TARGET = 6.0;
				"OTHER_LDFLAGS[arch=*]" = "-ObjC";
				PRODUCT_NAME = "Listing Agent";
				USER_HEADER_SEARCH_PATHS = "\"${PROJECT_DIR}/QuickDialog\"/**";
				WRAPPER_EXTENSION = app;
			};
			name = Debug;
		};
		AB32F4AF15EF0E5B00008E14 /* Release */ = {
			isa = XCBuildConfiguration;
			buildSettings = {
				ALWAYS_SEARCH_USER_PATHS = YES;
				FRAMEWORK_SEARCH_PATHS = "";
				GCC_PRECOMPILE_PREFIX_HEADER = YES;
				GCC_PREFIX_HEADER = "AgentAssistant/Listing Agent-Prefix.pch";
				HEADER_SEARCH_PATHS = "\"${PROJECT_DIR}/QuickDialog\"/**";
				INFOPLIST_FILE = "AgentAssistant/Listing Agent-Info.plist";
				IPHONEOS_DEPLOYMENT_TARGET = 6.0;
				"OTHER_LDFLAGS[arch=*]" = "-ObjC";
				PRODUCT_NAME = "Listing Agent";
				USER_HEADER_SEARCH_PATHS = "\"${PROJECT_DIR}/QuickDialog\"/**";
				WRAPPER_EXTENSION = app;
			};
			name = Release;
		};
/* End XCBuildConfiguration section */

/* Begin XCConfigurationList section */
		AB32F48915EF0E5A00008E14 /* Build configuration list for PBXProject "Listing Agent" */ = {
			isa = XCConfigurationList;
			buildConfigurations = (
				AB32F4AB15EF0E5B00008E14 /* Debug */,
				AB32F4AC15EF0E5B00008E14 /* Release */,
			);
			defaultConfigurationIsVisible = 0;
			defaultConfigurationName = Release;
		};
		AB32F4AD15EF0E5B00008E14 /* Build configuration list for PBXNativeTarget "Listing Agent" */ = {
			isa = XCConfigurationList;
			buildConfigurations = (
				AB32F4AE15EF0E5B00008E14 /* Debug */,
				AB32F4AF15EF0E5B00008E14 /* Release */,
			);
			defaultConfigurationIsVisible = 0;
			defaultConfigurationName = Release;
		};
/* End XCConfigurationList section */

/* Begin XCVersionGroup section */
		AB7B223815F02ED400F0128D /* AgentAssistant.xcdatamodeld */ = {
			isa = XCVersionGroup;
			children = (
				ABE85D00160C0D9E007DDAB6 /* AgentAssistant 2.xcdatamodel */,
				AB7B223915F02ED400F0128D /* AgentAssistant.xcdatamodel */,
			);
			currentVersion = ABE85D00160C0D9E007DDAB6 /* AgentAssistant 2.xcdatamodel */;
			path = AgentAssistant.xcdatamodeld;
			sourceTree = "<group>";
			versionGroupType = wrapper.xcdatamodel;
		};
/* End XCVersionGroup section */
	};
	rootObject = AB32F48615EF0E5A00008E14 /* Project object */;
}
